
Microsoft Visual Studio Solution File, Format Version 12.00
# Visual Studio 15
VisualStudioVersion = 15.0.28307.329
MinimumVisualStudioVersion = 10.0.40219.1
Project("{2150E333-8FDC-42A3-9474-1A3956D46DE8}") = "CV", "CV", "{C8664276-77E7-4327-911E-50101E79489C}"
EndProject
Project("{8BC9CEB8-8B4A-11D0-8D11-00A0C91BC942}") = "CV01", "CV01\CV01.vcxproj", "{1E2EEB98-BCF6-4265-8099-BE90F16F66D8}"
EndProject
Project("{8BC9CEB8-8B4A-11D0-8D11-00A0C91BC942}") = "CV02", "CV02\CV02.vcxproj", "{D6084108-2970-4F1D-B19A-EF449E356513}"
EndProject
Project("{8BC9CEB8-8B4A-11D0-8D11-00A0C91BC942}") = "CV03", "CV03\CV03.vcxproj", "{F7998B90-3691-4DBB-AD2C-7E7D18715F27}"
EndProject
Project("{8BC9CEB8-8B4A-11D0-8D11-00A0C91BC942}") = "CV04", "CV04\CV04.vcxproj", "{4A9F49F4-509B-40A5-9B25-4E844FCCD85D}"
EndProject
Project("{8BC9CEB8-8B4A-11D0-8D11-00A0C91BC942}") = "CV05", "CV05\CV05.vcxproj", "{5F57EF97-E78B-471E-8C7F-2CB8D03C9111}"
EndProject
Project("{8BC9CEB8-8B4A-11D0-8D11-00A0C91BC942}") = "CV06", "CV06\CV06.vcxproj", "{E0BD2232-F9A9-4CBA-90B2-209AC4B01218}"
EndProject
Project("{8BC9CEB8-8B4A-11D0-8D11-00A0C91BC942}") = "CV07", "CV07\CV07.vcxproj", "{4D92C135-1E3A-4EBC-B627-3699331BC2EB}"
EndProject
Project("{8BC9CEB8-8B4A-11D0-8D11-00A0C91BC942}") = "CV08", "CV08\CV08.vcxproj", "{88D5459B-59E4-483E-9F7E-0F7AB572E9C2}"
EndProject
Project("{8BC9CEB8-8B4A-11D0-8D11-00A0C91BC942}") = "CV09", "CV09\CV09.vcxproj", "{CC990844-7A35-4DE6-9FA2-4FA063045D3D}"
EndProject
Project("{2150E333-8FDC-42A3-9474-1A3956D46DE8}") = "HW", "HW", "{08E7EFC4-2785-4B98-9088-7FA4480D7BD8}"
EndProject
Project("{8BC9CEB8-8B4A-11D0-8D11-00A0C91BC942}") = "HW02", "HW02\HW02.vcxproj", "{46A98298-EB4C-48FC-9CD5-7732EC9227BB}"
EndProject
Global
	GlobalSection(SolutionConfigurationPlatforms) = preSolution
		Debug|x64 = Debug|x64
		Debug|x86 = Debug|x86
		Release|x64 = Release|x64
		Release|x86 = Release|x86
	EndGlobalSection
	GlobalSection(ProjectConfigurationPlatforms) = postSolution
		{1E2EEB98-BCF6-4265-8099-BE90F16F66D8}.Debug|x64.ActiveCfg = Debug|x64
		{1E2EEB98-BCF6-4265-8099-BE90F16F66D8}.Debug|x64.Build.0 = Debug|x64
		{1E2EEB98-BCF6-4265-8099-BE90F16F66D8}.Debug|x86.ActiveCfg = Debug|Win32
		{1E2EEB98-BCF6-4265-8099-BE90F16F66D8}.Debug|x86.Build.0 = Debug|Win32
		{1E2EEB98-BCF6-4265-8099-BE90F16F66D8}.Release|x64.ActiveCfg = Release|x64
		{1E2EEB98-BCF6-4265-8099-BE90F16F66D8}.Release|x64.Build.0 = Release|x64
		{1E2EEB98-BCF6-4265-8099-BE90F16F66D8}.Release|x86.ActiveCfg = Release|Win32
		{1E2EEB98-BCF6-4265-8099-BE90F16F66D8}.Release|x86.Build.0 = Release|Win32
		{D6084108-2970-4F1D-B19A-EF449E356513}.Debug|x64.ActiveCfg = Debug|x64
		{D6084108-2970-4F1D-B19A-EF449E356513}.Debug|x64.Build.0 = Debug|x64
		{D6084108-2970-4F1D-B19A-EF449E356513}.Debug|x86.ActiveCfg = Debug|Win32
		{D6084108-2970-4F1D-B19A-EF449E356513}.Debug|x86.Build.0 = Debug|Win32
		{D6084108-2970-4F1D-B19A-EF449E356513}.Release|x64.ActiveCfg = Release|x64
		{D6084108-2970-4F1D-B19A-EF449E356513}.Release|x64.Build.0 = Release|x64
		{D6084108-2970-4F1D-B19A-EF449E356513}.Release|x86.ActiveCfg = Release|Win32
		{D6084108-2970-4F1D-B19A-EF449E356513}.Release|x86.Build.0 = Release|Win32
		{F7998B90-3691-4DBB-AD2C-7E7D18715F27}.Debug|x64.ActiveCfg = Debug|x64
		{F7998B90-3691-4DBB-AD2C-7E7D18715F27}.Debug|x64.Build.0 = Debug|x64
		{F7998B90-3691-4DBB-AD2C-7E7D18715F27}.Debug|x86.ActiveCfg = Debug|Win32
		{F7998B90-3691-4DBB-AD2C-7E7D18715F27}.Debug|x86.Build.0 = Debug|Win32
		{F7998B90-3691-4DBB-AD2C-7E7D18715F27}.Release|x64.ActiveCfg = Release|x64
		{F7998B90-3691-4DBB-AD2C-7E7D18715F27}.Release|x64.Build.0 = Release|x64
		{F7998B90-3691-4DBB-AD2C-7E7D18715F27}.Release|x86.ActiveCfg = Release|Win32
		{F7998B90-3691-4DBB-AD2C-7E7D18715F27}.Release|x86.Build.0 = Release|Win32
		{4A9F49F4-509B-40A5-9B25-4E844FCCD85D}.Debug|x64.ActiveCfg = Debug|x64
		{4A9F49F4-509B-40A5-9B25-4E844FCCD85D}.Debug|x64.Build.0 = Debug|x64
		{4A9F49F4-509B-40A5-9B25-4E844FCCD85D}.Debug|x86.ActiveCfg = Debug|Win32
		{4A9F49F4-509B-40A5-9B25-4E844FCCD85D}.Debug|x86.Build.0 = Debug|Win32
		{4A9F49F4-509B-40A5-9B25-4E844FCCD85D}.Release|x64.ActiveCfg = Release|x64
		{4A9F49F4-509B-40A5-9B25-4E844FCCD85D}.Release|x64.Build.0 = Release|x64
		{4A9F49F4-509B-40A5-9B25-4E844FCCD85D}.Release|x86.ActiveCfg = Release|Win32
		{4A9F49F4-509B-40A5-9B25-4E844FCCD85D}.Release|x86.Build.0 = Release|Win32
		{5F57EF97-E78B-471E-8C7F-2CB8D03C9111}.Debug|x64.ActiveCfg = Debug|x64
		{5F57EF97-E78B-471E-8C7F-2CB8D03C9111}.Debug|x64.Build.0 = Debug|x64
		{5F57EF97-E78B-471E-8C7F-2CB8D03C9111}.Debug|x86.ActiveCfg = Debug|Win32
		{5F57EF97-E78B-471E-8C7F-2CB8D03C9111}.Debug|x86.Build.0 = Debug|Win32
		{5F57EF97-E78B-471E-8C7F-2CB8D03C9111}.Release|x64.ActiveCfg = Release|x64
		{5F57EF97-E78B-471E-8C7F-2CB8D03C9111}.Release|x64.Build.0 = Release|x64
		{5F57EF97-E78B-471E-8C7F-2CB8D03C9111}.Release|x86.ActiveCfg = Release|Win32
		{5F57EF97-E78B-471E-8C7F-2CB8D03C9111}.Release|x86.Build.0 = Release|Win32
		{E0BD2232-F9A9-4CBA-90B2-209AC4B01218}.Debug|x64.ActiveCfg = Debug|x64
		{E0BD2232-F9A9-4CBA-90B2-209AC4B01218}.Debug|x64.Build.0 = Debug|x64
		{E0BD2232-F9A9-4CBA-90B2-209AC4B01218}.Debug|x86.ActiveCfg = Debug|Win32
		{E0BD2232-F9A9-4CBA-90B2-209AC4B01218}.Debug|x86.Build.0 = Debug|Win32
		{E0BD2232-F9A9-4CBA-90B2-209AC4B01218}.Release|x64.ActiveCfg = Release|x64
		{E0BD2232-F9A9-4CBA-90B2-209AC4B01218}.Release|x64.Build.0 = Release|x64
		{E0BD2232-F9A9-4CBA-90B2-209AC4B01218}.Release|x86.ActiveCfg = Release|Win32
		{E0BD2232-F9A9-4CBA-90B2-209AC4B01218}.Release|x86.Build.0 = Release|Win32
		{4D92C135-1E3A-4EBC-B627-3699331BC2EB}.Debug|x64.ActiveCfg = Debug|x64
		{4D92C135-1E3A-4EBC-B627-3699331BC2EB}.Debug|x64.Build.0 = Debug|x64
		{4D92C135-1E3A-4EBC-B627-3699331BC2EB}.Debug|x86.ActiveCfg = Debug|Win32
		{4D92C135-1E3A-4EBC-B627-3699331BC2EB}.Debug|x86.Build.0 = Debug|Win32
		{4D92C135-1E3A-4EBC-B627-3699331BC2EB}.Release|x64.ActiveCfg = Release|x64
		{4D92C135-1E3A-4EBC-B627-3699331BC2EB}.Release|x64.Build.0 = Release|x64
		{4D92C135-1E3A-4EBC-B627-3699331BC2EB}.Release|x86.ActiveCfg = Release|Win32
		{4D92C135-1E3A-4EBC-B627-3699331BC2EB}.Release|x86.Build.0 = Release|Win32
		{88D5459B-59E4-483E-9F7E-0F7AB572E9C2}.Debug|x64.ActiveCfg = Debug|x64
		{88D5459B-59E4-483E-9F7E-0F7AB572E9C2}.Debug|x64.Build.0 = Debug|x64
		{88D5459B-59E4-483E-9F7E-0F7AB572E9C2}.Debug|x86.ActiveCfg = Debug|Win32
		{88D5459B-59E4-483E-9F7E-0F7AB572E9C2}.Debug|x86.Build.0 = Debug|Win32
		{88D5459B-59E4-483E-9F7E-0F7AB572E9C2}.Release|x64.ActiveCfg = Release|x64
		{88D5459B-59E4-483E-9F7E-0F7AB572E9C2}.Release|x64.Build.0 = Release|x64
		{88D5459B-59E4-483E-9F7E-0F7AB572E9C2}.Release|x86.ActiveCfg = Release|Win32
		{88D5459B-59E4-483E-9F7E-0F7AB572E9C2}.Release|x86.Build.0 = Release|Win32
		{CC990844-7A35-4DE6-9FA2-4FA063045D3D}.Debug|x64.ActiveCfg = Debug|x64
		{CC990844-7A35-4DE6-9FA2-4FA063045D3D}.Debug|x64.Build.0 = Debug|x64
		{CC990844-7A35-4DE6-9FA2-4FA063045D3D}.Debug|x86.ActiveCfg = Debug|Win32
		{CC990844-7A35-4DE6-9FA2-4FA063045D3D}.Debug|x86.Build.0 = Debug|Win32
		{CC990844-7A35-4DE6-9FA2-4FA063045D3D}.Release|x64.ActiveCfg = Release|x64
		{CC990844-7A35-4DE6-9FA2-4FA063045D3D}.Release|x64.Build.0 = Release|x64
		{CC990844-7A35-4DE6-9FA2-4FA063045D3D}.Release|x86.ActiveCfg = Release|Win32
		{CC990844-7A35-4DE6-9FA2-4FA063045D3D}.Release|x86.Build.0 = Release|Win32
		{46A98298-EB4C-48FC-9CD5-7732EC9227BB}.Debug|x64.ActiveCfg = Debug|x64
		{46A98298-EB4C-48FC-9CD5-7732EC9227BB}.Debug|x64.Build.0 = Debug|x64
		{46A98298-EB4C-48FC-9CD5-7732EC9227BB}.Debug|x86.ActiveCfg = Debug|Win32
		{46A98298-EB4C-48FC-9CD5-7732EC9227BB}.Debug|x86.Build.0 = Debug|Win32
		{46A98298-EB4C-48FC-9CD5-7732EC9227BB}.Release|x64.ActiveCfg = Release|x64
		{46A98298-EB4C-48FC-9CD5-7732EC9227BB}.Release|x64.Build.0 = Release|x64
		{46A98298-EB4C-48FC-9CD5-7732EC9227BB}.Release|x86.ActiveCfg = Release|Win32
		{46A98298-EB4C-48FC-9CD5-7732EC9227BB}.Release|x86.Build.0 = Release|Win32
	EndGlobalSection
	GlobalSection(SolutionProperties) = preSolution
		HideSolutionNode = FALSE
	EndGlobalSection
	GlobalSection(NestedProjects) = preSolution
		{1E2EEB98-BCF6-4265-8099-BE90F16F66D8} = {C8664276-77E7-4327-911E-50101E79489C}
		{D6084108-2970-4F1D-B19A-EF449E356513} = {C8664276-77E7-4327-911E-50101E79489C}
		{F7998B90-3691-4DBB-AD2C-7E7D18715F27} = {C8664276-77E7-4327-911E-50101E79489C}
		{4A9F49F4-509B-40A5-9B25-4E844FCCD85D} = {C8664276-77E7-4327-911E-50101E79489C}
		{5F57EF97-E78B-471E-8C7F-2CB8D03C9111} = {C8664276-77E7-4327-911E-50101E79489C}
		{E0BD2232-F9A9-4CBA-90B2-209AC4B01218} = {C8664276-77E7-4327-911E-50101E79489C}
		{4D92C135-1E3A-4EBC-B627-3699331BC2EB} = {C8664276-77E7-4327-911E-50101E79489C}
		{88D5459B-59E4-483E-9F7E-0F7AB572E9C2} = {C8664276-77E7-4327-911E-50101E79489C}
		{CC990844-7A35-4DE6-9FA2-4FA063045D3D} = {C8664276-77E7-4327-911E-50101E79489C}
		{46A98298-EB4C-48FC-9CD5-7732EC9227BB} = {08E7EFC4-2785-4B98-9088-7FA4480D7BD8}
	EndGlobalSection
	GlobalSection(ExtensibilityGlobals) = postSolution
		SolutionGuid = {7C2896D7-9133-4ABD-896B-53C950998D09}
	EndGlobalSection
EndGlobal
