<?xml version="1.0" encoding="utf-8"?>
<Project ToolsVersion="4.0" xmlns="http://schemas.microsoft.com/developer/msbuild/2003">
  <ItemGroup>
    <Filter Include="Source Files">
      <UniqueIdentifier>{4FC737F1-C7A5-4376-A066-2A32D752A2FF}</UniqueIdentifier>
      <Extensions>cpp;c;cc;cxx;def;odl;idl;hpj;bat;asm;asmx</Extensions>
    </Filter>
    <Filter Include="Resource Files">
      <UniqueIdentifier>{67DA6AB6-F800-4c08-8B7A-83BB121AAD01}</UniqueIdentifier>
      <Extensions>rc;ico;cur;bmp;dlg;rc2;rct;bin;rgs;gif;jpg;jpeg;jpe;resx;tiff;tif;png;wav;mfcribbon-ms</Extensions>
    </Filter>
    <Filter Include="Screens">
      <UniqueIdentifier>{3fa1dee7-15b6-42c6-be85-031066c7a81a}</UniqueIdentifier>
    </Filter>
    <Filter Include="Header Files">
      <UniqueIdentifier>{93995380-89BD-4b04-88EB-625FBE52EBFB}</UniqueIdentifier>
      <Extensions>h;hh;hpp;hxx;hm;inl;inc;ipp;xsd</Extensions>
    </Filter>
  </ItemGroup>
  <ItemGroup>
    <ClCompile Include="font_prop14x16.c">
      <Filter>Source Files</Filter>
    </ClCompile>
    <ClCompile Include="font_rom8x16.c">
      <Filter>Source Files</Filter>
    </ClCompile>
    <ClCompile Include="change_me.c">
      <Filter>Source Files</Filter>
    </ClCompile>
    <ClCompile Include="mzapo_parlcd.c">
      <Filter>Source Files</Filter>
    </ClCompile>
    <ClCompile Include="mzapo_phys.c">
      <Filter>Source Files</Filter>
    </ClCompile>
    <ClCompile Include="wArial_44.c">
      <Filter>Source Files</Filter>
    </ClCompile>
    <ClCompile Include="main.c">
      <Filter>Source Files</Filter>
    </ClCompile>
    <ClCompile Include="wArial_22.c">
      <Filter>Source Files</Filter>
    </ClCompile>
  </ItemGroup>
  <ItemGroup>
    <ClInclude Include="font_types.h">
      <Filter>Header Files</Filter>
    </ClInclude>
    <ClInclude Include="mzapo_parlcd.h">
      <Filter>Header Files</Filter>
    </ClInclude>
    <ClInclude Include="mzapo_phys.h">
      <Filter>Header Files</Filter>
    </ClInclude>
    <ClInclude Include="mzapo_regs.h">
      <Filter>Header Files</Filter>
    </ClInclude>
    <ClInclude Include="shapes.h">
      <Filter>Header Files</Filter>
    </ClInclude>
    <ClInclude Include="utils.h">
      <Filter>Header Files</Filter>
    </ClInclude>
    <ClInclude Include="screens.h">
      <Filter>Header Files</Filter>
    </ClInclude>
    <ClInclude Include="RGB.h">
      <Filter>Screens</Filter>
    </ClInclude>
    <ClInclude Include="Blinking.h">
      <Filter>Screens</Filter>
    </ClInclude>
    <ClInclude Include="Settings.h">
      <Filter>Screens</Filter>
    </ClInclude>
  </ItemGroup>
  <ItemGroup>
    <None Include="Makefile" />
  </ItemGroup>
</Project>